
Microsoft Visual Studio Solution File, Format Version 12.00
Project("{FAE04EC0-301F-11D3-BF4B-00C04F79EFBC}") = "MedicoreMedicalServicesTestApp", "MedicoreMedicalServicesTestApp\MedicoreMedicalServicesTestApp.csproj", "{3443DA3C-511D-44DF-8E88-503657D81571}"
EndProject
Global
	GlobalSection(SolutionConfigurationPlatforms) = preSolution
		Debug|Any CPU = Debug|Any CPU
		Release|Any CPU = Release|Any CPU
	EndGlobalSection
	GlobalSection(ProjectConfigurationPlatforms) = postSolution
		{3443DA3C-511D-44DF-8E88-503657D81571}.Debug|Any CPU.ActiveCfg = Debug|Any CPU
		{3443DA3C-511D-44DF-8E88-503657D81571}.Debug|Any CPU.Build.0 = Debug|Any CPU
		{3443DA3C-511D-44DF-8E88-503657D81571}.Release|Any CPU.ActiveCfg = Release|Any CPU
		{3443DA3C-511D-44DF-8E88-503657D81571}.Release|Any CPU.Build.0 = Release|Any CPU
	EndGlobalSection
EndGlobal
